schema: '2.0'
stages:
  prepare:
    cmd: python3.13 src/prepare.py data/raw data/prepared
    deps:
    - path: data/raw
      hash: md5
      md5: 648bf1fb9f622256f3f642e3e0927a24.dir
      size: 9260297
      nfiles: 1500
    - path: src/prepare.py
      hash: md5
      md5: ad24fb7c33a1746a143235fee5e341f8
      size: 2571
    - path: src/utils/seed.py
      hash: md5
      md5: 9b6211cbe2eb3991129e87b8a3169ea1
      size: 406
    params:
      params.yaml:
        prepare:
          seed: 5241
          split: 0.2
          image_size:
          - 32
          - 32
          grayscale: true
          batch_size: 32
    outs:
    - path: data/prepared
      hash: md5
      md5: 9ea5229516a2919c70226fcf9099e120.dir
      size: 6188058
      nfiles: 8
  train:
    cmd: python3.13 src/train.py data/prepared model
    deps:
    - path: data/prepared
      hash: md5
      md5: 9ea5229516a2919c70226fcf9099e120.dir
      size: 6188058
      nfiles: 8
    - path: src/train.py
      hash: md5
      md5: dcf8cd3da98158430c96d074e219f1da
      size: 2742
    - path: src/utils/seed.py
      hash: md5
      md5: 9b6211cbe2eb3991129e87b8a3169ea1
      size: 406
    params:
      params.yaml:
        train:
          seed: 5241
          lr: 0.001
          epochs: 10
          conv_size: 64
          dense_size: 128
          output_classes: 10
    outs:
    - path: model
      hash: md5
      md5: 57695c6625de12009d58354a24daa013.dir
      size: 9886430
      nfiles: 2
  evaluate:
    cmd: python3.13 src/evaluate.py model data/prepared
    deps:
    - path: model
      hash: md5
      md5: 57695c6625de12009d58354a24daa013.dir
      size: 9886430
      nfiles: 2
    - path: src/evaluate.py
      hash: md5
      md5: ef6ecf77cbdc1b73712b53c4cccdaec2
      size: 4894
    outs:
    - path: evaluation/metrics.json
      hash: md5
      md5: 7699d5a177ebe2bfd18d64aad1b98fb7
      size: 158
    - path: evaluation/plots/confusion_matrix.png
      hash: md5
      md5: 6d0582c2826ccde0ca7cbd8bc76c22e0
      size: 55690
    - path: evaluation/plots/pred_preview.png
      hash: md5
      md5: c66a8655e226c1efc5dde5dfe7a9ec36
      size: 49382
    - path: evaluation/plots/training_history.png
      hash: md5
      md5: e39f925809ae5e1233543be71a7e8a21
      size: 36791
